
Microsoft Visual Studio Solution File, Format Version 12.00
# Visual Studio Version 17
VisualStudioVersion = 17.3.32929.385
MinimumVisualStudioVersion = 10.0.40219.1
Project("{9A19103F-16F7-4668-BE54-9A1E7A4F7556}") = "Films.API", "Films.API\Films.API.csproj", "{4055B643-43C4-49C0-9F12-4131AE67C0E0}"
EndProject
Project("{9A19103F-16F7-4668-BE54-9A1E7A4F7556}") = "Films.Business", "Films.Business\Films.Business.csproj", "{3E595C8E-D71B-41FF-B79A-F4B42943047A}"
EndProject
Project("{9A19103F-16F7-4668-BE54-9A1E7A4F7556}") = "Films.DataAccess", "Films.Business.DataAccess\Films.DataAccess.csproj", "{8B208FB8-5124-4FA7-8C41-6B1EC00CA887}"
EndProject
Project("{FAE04EC0-301F-11D3-BF4B-00C04F79EFBC}") = "Films.Entities", "Films.Entities\Films.Entities.csproj", "{5445912F-5374-4A2C-86BD-329401EAD6C8}"
EndProject
Project("{FAE04EC0-301F-11D3-BF4B-00C04F79EFBC}") = "Films.Core", "Films.Core\Films.Core.csproj", "{C2429536-09BA-46E7-8E48-88C585FF3E2E}"
EndProject
Project("{FAE04EC0-301F-11D3-BF4B-00C04F79EFBC}") = "Films.API.UnitTest", "Films.API.UnitTest\Films.API.UnitTest.csproj", "{4C1751BA-F818-4870-B247-DFCC74710DCA}"
EndProject
Global
	GlobalSection(SolutionConfigurationPlatforms) = preSolution
		Debug|Any CPU = Debug|Any CPU
		Release|Any CPU = Release|Any CPU
	EndGlobalSection
	GlobalSection(ProjectConfigurationPlatforms) = postSolution
		{4055B643-43C4-49C0-9F12-4131AE67C0E0}.Debug|Any CPU.ActiveCfg = Debug|Any CPU
		{4055B643-43C4-49C0-9F12-4131AE67C0E0}.Debug|Any CPU.Build.0 = Debug|Any CPU
		{4055B643-43C4-49C0-9F12-4131AE67C0E0}.Release|Any CPU.ActiveCfg = Release|Any CPU
		{4055B643-43C4-49C0-9F12-4131AE67C0E0}.Release|Any CPU.Build.0 = Release|Any CPU
		{3E595C8E-D71B-41FF-B79A-F4B42943047A}.Debug|Any CPU.ActiveCfg = Debug|Any CPU
		{3E595C8E-D71B-41FF-B79A-F4B42943047A}.Debug|Any CPU.Build.0 = Debug|Any CPU
		{3E595C8E-D71B-41FF-B79A-F4B42943047A}.Release|Any CPU.ActiveCfg = Release|Any CPU
		{3E595C8E-D71B-41FF-B79A-F4B42943047A}.Release|Any CPU.Build.0 = Release|Any CPU
		{8B208FB8-5124-4FA7-8C41-6B1EC00CA887}.Debug|Any CPU.ActiveCfg = Debug|Any CPU
		{8B208FB8-5124-4FA7-8C41-6B1EC00CA887}.Debug|Any CPU.Build.0 = Debug|Any CPU
		{8B208FB8-5124-4FA7-8C41-6B1EC00CA887}.Release|Any CPU.ActiveCfg = Release|Any CPU
		{8B208FB8-5124-4FA7-8C41-6B1EC00CA887}.Release|Any CPU.Build.0 = Release|Any CPU
		{5445912F-5374-4A2C-86BD-329401EAD6C8}.Debug|Any CPU.ActiveCfg = Debug|Any CPU
		{5445912F-5374-4A2C-86BD-329401EAD6C8}.Debug|Any CPU.Build.0 = Debug|Any CPU
		{5445912F-5374-4A2C-86BD-329401EAD6C8}.Release|Any CPU.ActiveCfg = Release|Any CPU
		{5445912F-5374-4A2C-86BD-329401EAD6C8}.Release|Any CPU.Build.0 = Release|Any CPU
		{C2429536-09BA-46E7-8E48-88C585FF3E2E}.Debug|Any CPU.ActiveCfg = Debug|Any CPU
		{C2429536-09BA-46E7-8E48-88C585FF3E2E}.Debug|Any CPU.Build.0 = Debug|Any CPU
		{C2429536-09BA-46E7-8E48-88C585FF3E2E}.Release|Any CPU.ActiveCfg = Release|Any CPU
		{C2429536-09BA-46E7-8E48-88C585FF3E2E}.Release|Any CPU.Build.0 = Release|Any CPU
		{4C1751BA-F818-4870-B247-DFCC74710DCA}.Debug|Any CPU.ActiveCfg = Debug|Any CPU
		{4C1751BA-F818-4870-B247-DFCC74710DCA}.Debug|Any CPU.Build.0 = Debug|Any CPU
		{4C1751BA-F818-4870-B247-DFCC74710DCA}.Release|Any CPU.ActiveCfg = Release|Any CPU
		{4C1751BA-F818-4870-B247-DFCC74710DCA}.Release|Any CPU.Build.0 = Release|Any CPU
	EndGlobalSection
	GlobalSection(SolutionProperties) = preSolution
		HideSolutionNode = FALSE
	EndGlobalSection
	GlobalSection(ExtensibilityGlobals) = postSolution
		SolutionGuid = {2C34201C-167D-4092-A55F-3415B85BFC45}
	EndGlobalSection
EndGlobal
